
Microsoft Visual Studio Solution File, Format Version 12.00
# Visual Studio Version 16
VisualStudioVersion = 16.0.30128.74
MinimumVisualStudioVersion = 10.0.40219.1
Project("{9092AA53-FB77-4645-B42D-1CCCA6BD08BD}") = "PassportAuthentication", "PassportAuthentication.njsproj", "{5C5714A9-AD7F-4602-AAB7-D7F481F6BA64}"
EndProject
Global
	GlobalSection(SolutionConfigurationPlatforms) = preSolution
		Debug|Any CPU = Debug|Any CPU
		Release|Any CPU = Release|Any CPU
	EndGlobalSection
	GlobalSection(ProjectConfigurationPlatforms) = postSolution
		{5C5714A9-AD7F-4602-AAB7-D7F481F6BA64}.Debug|Any CPU.ActiveCfg = Debug|Any CPU
		{5C5714A9-AD7F-4602-AAB7-D7F481F6BA64}.Debug|Any CPU.Build.0 = Debug|Any CPU
		{5C5714A9-AD7F-4602-AAB7-D7F481F6BA64}.Release|Any CPU.ActiveCfg = Release|Any CPU
		{5C5714A9-AD7F-4602-AAB7-D7F481F6BA64}.Release|Any CPU.Build.0 = Release|Any CPU
	EndGlobalSection
	GlobalSection(SolutionProperties) = preSolution
		HideSolutionNode = FALSE
	EndGlobalSection
	GlobalSection(ExtensibilityGlobals) = postSolution
		SolutionGuid = {E6E83484-84C8-4FDD-94C6-8D412E90F933}
	EndGlobalSection
EndGlobal
